
Microsoft Visual Studio Solution File, Format Version 12.00
# Visual Studio Version 17
VisualStudioVersion = 17.7.34003.232
MinimumVisualStudioVersion = 10.0.40219.1
Project("{FAE04EC0-301F-11D3-BF4B-00C04F79EFBC}") = "Example 1", "Example 1\Example 1.csproj", "{C55A3C68-5206-46E9-8D31-79DBF91C70A2}"
EndProject
Project("{FAE04EC0-301F-11D3-BF4B-00C04F79EFBC}") = "Example 2", "Example 2\Example 2.csproj", "{34AA4193-4581-4DB1-992E-40DE3051DB12}"
EndProject
Project("{FAE04EC0-301F-11D3-BF4B-00C04F79EFBC}") = "Example 3", "Example 3\Example 3.csproj", "{E732FA96-799A-4B7D-915A-1067D511C785}"
EndProject
Project("{FAE04EC0-301F-11D3-BF4B-00C04F79EFBC}") = "Example 1 (Advanced)", "Example 1 - Advanced\Example 1 (Advanced).csproj", "{8AAB6D26-750C-4B92-A893-9C567E54C6E2}"
EndProject
Project("{FAE04EC0-301F-11D3-BF4B-00C04F79EFBC}") = "Example 2 (Advanced)", "Example 2 (Advanced)\Example 2 (Advanced).csproj", "{B8805FAF-F84A-410D-A447-D1FCCC660698}"
EndProject
Project("{FAE04EC0-301F-11D3-BF4B-00C04F79EFBC}") = "Example 3 (Advanced)", "Example 3 (Advanced)\Example 3 (Advanced).csproj", "{D4C82A46-B33A-4E7F-9771-68B8E1E99250}"
EndProject
Global
	GlobalSection(SolutionConfigurationPlatforms) = preSolution
		Debug|Any CPU = Debug|Any CPU
		Release|Any CPU = Release|Any CPU
	EndGlobalSection
	GlobalSection(ProjectConfigurationPlatforms) = postSolution
		{C55A3C68-5206-46E9-8D31-79DBF91C70A2}.Debug|Any CPU.ActiveCfg = Debug|Any CPU
		{C55A3C68-5206-46E9-8D31-79DBF91C70A2}.Debug|Any CPU.Build.0 = Debug|Any CPU
		{C55A3C68-5206-46E9-8D31-79DBF91C70A2}.Release|Any CPU.ActiveCfg = Release|Any CPU
		{C55A3C68-5206-46E9-8D31-79DBF91C70A2}.Release|Any CPU.Build.0 = Release|Any CPU
		{34AA4193-4581-4DB1-992E-40DE3051DB12}.Debug|Any CPU.ActiveCfg = Debug|Any CPU
		{34AA4193-4581-4DB1-992E-40DE3051DB12}.Debug|Any CPU.Build.0 = Debug|Any CPU
		{34AA4193-4581-4DB1-992E-40DE3051DB12}.Release|Any CPU.ActiveCfg = Release|Any CPU
		{34AA4193-4581-4DB1-992E-40DE3051DB12}.Release|Any CPU.Build.0 = Release|Any CPU
		{E732FA96-799A-4B7D-915A-1067D511C785}.Debug|Any CPU.ActiveCfg = Debug|Any CPU
		{E732FA96-799A-4B7D-915A-1067D511C785}.Debug|Any CPU.Build.0 = Debug|Any CPU
		{E732FA96-799A-4B7D-915A-1067D511C785}.Release|Any CPU.ActiveCfg = Release|Any CPU
		{E732FA96-799A-4B7D-915A-1067D511C785}.Release|Any CPU.Build.0 = Release|Any CPU
		{8AAB6D26-750C-4B92-A893-9C567E54C6E2}.Debug|Any CPU.ActiveCfg = Debug|Any CPU
		{8AAB6D26-750C-4B92-A893-9C567E54C6E2}.Debug|Any CPU.Build.0 = Debug|Any CPU
		{8AAB6D26-750C-4B92-A893-9C567E54C6E2}.Release|Any CPU.ActiveCfg = Release|Any CPU
		{8AAB6D26-750C-4B92-A893-9C567E54C6E2}.Release|Any CPU.Build.0 = Release|Any CPU
		{B8805FAF-F84A-410D-A447-D1FCCC660698}.Debug|Any CPU.ActiveCfg = Debug|Any CPU
		{B8805FAF-F84A-410D-A447-D1FCCC660698}.Debug|Any CPU.Build.0 = Debug|Any CPU
		{B8805FAF-F84A-410D-A447-D1FCCC660698}.Release|Any CPU.ActiveCfg = Release|Any CPU
		{B8805FAF-F84A-410D-A447-D1FCCC660698}.Release|Any CPU.Build.0 = Release|Any CPU
		{D4C82A46-B33A-4E7F-9771-68B8E1E99250}.Debug|Any CPU.ActiveCfg = Debug|Any CPU
		{D4C82A46-B33A-4E7F-9771-68B8E1E99250}.Debug|Any CPU.Build.0 = Debug|Any CPU
		{D4C82A46-B33A-4E7F-9771-68B8E1E99250}.Release|Any CPU.ActiveCfg = Release|Any CPU
		{D4C82A46-B33A-4E7F-9771-68B8E1E99250}.Release|Any CPU.Build.0 = Release|Any CPU
	EndGlobalSection
	GlobalSection(SolutionProperties) = preSolution
		HideSolutionNode = FALSE
	EndGlobalSection
	GlobalSection(ExtensibilityGlobals) = postSolution
		SolutionGuid = {5AC293B6-6879-47DB-9596-2A5B2CA09621}
	EndGlobalSection
EndGlobal
